
Microsoft Visual Studio Solution File, Format Version 12.00
# Visual Studio 14
VisualStudioVersion = 14.0.24720.0
MinimumVisualStudioVersion = 10.0.40219.1
Project("{2150E333-8FDC-42A3-9474-1A3956D46DE8}") = "src", "src", "{35EFE4D7-8A31-4F47-82B9-0B7AFC315C80}"
EndProject
Project("{2150E333-8FDC-42A3-9474-1A3956D46DE8}") = "Solution Items", "Solution Items", "{B567F0FF-7DEC-4808-B0EF-D9F437B74485}"
	ProjectSection(SolutionItems) = preProject
		global.json = global.json
	EndProjectSection
EndProject
Project("{FAE04EC0-301F-11D3-BF4B-00C04F79EFBC}") = "TransportApiUnitTests", "TransportApiUnitTests\TransportApiUnitTests.csproj", "{57F00E4A-8A85-4E7B-9AA4-B621C018AA2C}"
EndProject
Project("{FAE04EC0-301F-11D3-BF4B-00C04F79EFBC}") = "TransportApiSharpSample", "TransportApiSharpSample\TransportApiSharpSample.csproj", "{A42B7FE7-45F0-461B-8CB2-3EB41458016D}"
EndProject
Project("{FAE04EC0-301F-11D3-BF4B-00C04F79EFBC}") = "TransportApiSharp", "TransportApiSharp\TransportApiSharp.csproj", "{352E1D7A-70F4-43C7-92E8-1180E21D3FB2}"
EndProject
Global
	GlobalSection(SolutionConfigurationPlatforms) = preSolution
		AppStore|Any CPU = AppStore|Any CPU
		AppStore|ARM = AppStore|ARM
		AppStore|iPhone = AppStore|iPhone
		AppStore|iPhoneSimulator = AppStore|iPhoneSimulator
		AppStore|x64 = AppStore|x64
		AppStore|x86 = AppStore|x86
		Debug|Any CPU = Debug|Any CPU
		Debug|ARM = Debug|ARM
		Debug|iPhone = Debug|iPhone
		Debug|iPhoneSimulator = Debug|iPhoneSimulator
		Debug|x64 = Debug|x64
		Debug|x86 = Debug|x86
		Release|Any CPU = Release|Any CPU
		Release|ARM = Release|ARM
		Release|iPhone = Release|iPhone
		Release|iPhoneSimulator = Release|iPhoneSimulator
		Release|x64 = Release|x64
		Release|x86 = Release|x86
	EndGlobalSection
	GlobalSection(ProjectConfigurationPlatforms) = postSolution
		{57F00E4A-8A85-4E7B-9AA4-B621C018AA2C}.AppStore|Any CPU.ActiveCfg = Release|Any CPU
		{57F00E4A-8A85-4E7B-9AA4-B621C018AA2C}.AppStore|Any CPU.Build.0 = Release|Any CPU
		{57F00E4A-8A85-4E7B-9AA4-B621C018AA2C}.AppStore|ARM.ActiveCfg = Release|Any CPU
		{57F00E4A-8A85-4E7B-9AA4-B621C018AA2C}.AppStore|ARM.Build.0 = Release|Any CPU
		{57F00E4A-8A85-4E7B-9AA4-B621C018AA2C}.AppStore|iPhone.ActiveCfg = Release|Any CPU
		{57F00E4A-8A85-4E7B-9AA4-B621C018AA2C}.AppStore|iPhone.Build.0 = Release|Any CPU
		{57F00E4A-8A85-4E7B-9AA4-B621C018AA2C}.AppStore|iPhoneSimulator.ActiveCfg = Release|Any CPU
		{57F00E4A-8A85-4E7B-9AA4-B621C018AA2C}.AppStore|iPhoneSimulator.Build.0 = Release|Any CPU
		{57F00E4A-8A85-4E7B-9AA4-B621C018AA2C}.AppStore|x64.ActiveCfg = Release|Any CPU
		{57F00E4A-8A85-4E7B-9AA4-B621C018AA2C}.AppStore|x64.Build.0 = Release|Any CPU
		{57F00E4A-8A85-4E7B-9AA4-B621C018AA2C}.AppStore|x86.ActiveCfg = Release|Any CPU
		{57F00E4A-8A85-4E7B-9AA4-B621C018AA2C}.AppStore|x86.Build.0 = Release|Any CPU
		{57F00E4A-8A85-4E7B-9AA4-B621C018AA2C}.Debug|Any CPU.ActiveCfg = Debug|Any CPU
		{57F00E4A-8A85-4E7B-9AA4-B621C018AA2C}.Debug|Any CPU.Build.0 = Debug|Any CPU
		{57F00E4A-8A85-4E7B-9AA4-B621C018AA2C}.Debug|ARM.ActiveCfg = Debug|Any CPU
		{57F00E4A-8A85-4E7B-9AA4-B621C018AA2C}.Debug|ARM.Build.0 = Debug|Any CPU
		{57F00E4A-8A85-4E7B-9AA4-B621C018AA2C}.Debug|iPhone.ActiveCfg = Debug|Any CPU
		{57F00E4A-8A85-4E7B-9AA4-B621C018AA2C}.Debug|iPhone.Build.0 = Debug|Any CPU
		{57F00E4A-8A85-4E7B-9AA4-B621C018AA2C}.Debug|iPhoneSimulator.ActiveCfg = Debug|Any CPU
		{57F00E4A-8A85-4E7B-9AA4-B621C018AA2C}.Debug|iPhoneSimulator.Build.0 = Debug|Any CPU
		{57F00E4A-8A85-4E7B-9AA4-B621C018AA2C}.Debug|x64.ActiveCfg = Debug|Any CPU
		{57F00E4A-8A85-4E7B-9AA4-B621C018AA2C}.Debug|x64.Build.0 = Debug|Any CPU
		{57F00E4A-8A85-4E7B-9AA4-B621C018AA2C}.Debug|x86.ActiveCfg = Debug|Any CPU
		{57F00E4A-8A85-4E7B-9AA4-B621C018AA2C}.Debug|x86.Build.0 = Debug|Any CPU
		{57F00E4A-8A85-4E7B-9AA4-B621C018AA2C}.Release|Any CPU.ActiveCfg = Release|Any CPU
		{57F00E4A-8A85-4E7B-9AA4-B621C018AA2C}.Release|Any CPU.Build.0 = Release|Any CPU
		{57F00E4A-8A85-4E7B-9AA4-B621C018AA2C}.Release|ARM.ActiveCfg = Release|Any CPU
		{57F00E4A-8A85-4E7B-9AA4-B621C018AA2C}.Release|ARM.Build.0 = Release|Any CPU
		{57F00E4A-8A85-4E7B-9AA4-B621C018AA2C}.Release|iPhone.ActiveCfg = Release|Any CPU
		{57F00E4A-8A85-4E7B-9AA4-B621C018AA2C}.Release|iPhone.Build.0 = Release|Any CPU
		{57F00E4A-8A85-4E7B-9AA4-B621C018AA2C}.Release|iPhoneSimulator.ActiveCfg = Release|Any CPU
		{57F00E4A-8A85-4E7B-9AA4-B621C018AA2C}.Release|iPhoneSimulator.Build.0 = Release|Any CPU
		{57F00E4A-8A85-4E7B-9AA4-B621C018AA2C}.Release|x64.ActiveCfg = Release|Any CPU
		{57F00E4A-8A85-4E7B-9AA4-B621C018AA2C}.Release|x64.Build.0 = Release|Any CPU
		{57F00E4A-8A85-4E7B-9AA4-B621C018AA2C}.Release|x86.ActiveCfg = Release|Any CPU
		{57F00E4A-8A85-4E7B-9AA4-B621C018AA2C}.Release|x86.Build.0 = Release|Any CPU
		{A42B7FE7-45F0-461B-8CB2-3EB41458016D}.AppStore|Any CPU.ActiveCfg = Release|x64
		{A42B7FE7-45F0-461B-8CB2-3EB41458016D}.AppStore|Any CPU.Build.0 = Release|x64
		{A42B7FE7-45F0-461B-8CB2-3EB41458016D}.AppStore|Any CPU.Deploy.0 = Release|x64
		{A42B7FE7-45F0-461B-8CB2-3EB41458016D}.AppStore|ARM.ActiveCfg = Release|ARM
		{A42B7FE7-45F0-461B-8CB2-3EB41458016D}.AppStore|ARM.Build.0 = Release|ARM
		{A42B7FE7-45F0-461B-8CB2-3EB41458016D}.AppStore|ARM.Deploy.0 = Release|ARM
		{A42B7FE7-45F0-461B-8CB2-3EB41458016D}.AppStore|iPhone.ActiveCfg = Release|x64
		{A42B7FE7-45F0-461B-8CB2-3EB41458016D}.AppStore|iPhone.Build.0 = Release|x64
		{A42B7FE7-45F0-461B-8CB2-3EB41458016D}.AppStore|iPhone.Deploy.0 = Release|x64
		{A42B7FE7-45F0-461B-8CB2-3EB41458016D}.AppStore|iPhoneSimulator.ActiveCfg = Release|x64
		{A42B7FE7-45F0-461B-8CB2-3EB41458016D}.AppStore|iPhoneSimulator.Build.0 = Release|x64
		{A42B7FE7-45F0-461B-8CB2-3EB41458016D}.AppStore|iPhoneSimulator.Deploy.0 = Release|x64
		{A42B7FE7-45F0-461B-8CB2-3EB41458016D}.AppStore|x64.ActiveCfg = Release|x64
		{A42B7FE7-45F0-461B-8CB2-3EB41458016D}.AppStore|x64.Build.0 = Release|x64
		{A42B7FE7-45F0-461B-8CB2-3EB41458016D}.AppStore|x64.Deploy.0 = Release|x64
		{A42B7FE7-45F0-461B-8CB2-3EB41458016D}.AppStore|x86.ActiveCfg = Release|x86
		{A42B7FE7-45F0-461B-8CB2-3EB41458016D}.AppStore|x86.Build.0 = Release|x86
		{A42B7FE7-45F0-461B-8CB2-3EB41458016D}.AppStore|x86.Deploy.0 = Release|x86
		{A42B7FE7-45F0-461B-8CB2-3EB41458016D}.Debug|Any CPU.ActiveCfg = Debug|x86
		{A42B7FE7-45F0-461B-8CB2-3EB41458016D}.Debug|Any CPU.Build.0 = Debug|x86
		{A42B7FE7-45F0-461B-8CB2-3EB41458016D}.Debug|Any CPU.Deploy.0 = Debug|x86
		{A42B7FE7-45F0-461B-8CB2-3EB41458016D}.Debug|ARM.ActiveCfg = Debug|ARM
		{A42B7FE7-45F0-461B-8CB2-3EB41458016D}.Debug|ARM.Build.0 = Debug|ARM
		{A42B7FE7-45F0-461B-8CB2-3EB41458016D}.Debug|ARM.Deploy.0 = Debug|ARM
		{A42B7FE7-45F0-461B-8CB2-3EB41458016D}.Debug|iPhone.ActiveCfg = Debug|x86
		{A42B7FE7-45F0-461B-8CB2-3EB41458016D}.Debug|iPhoneSimulator.ActiveCfg = Debug|x86
		{A42B7FE7-45F0-461B-8CB2-3EB41458016D}.Debug|x64.ActiveCfg = Debug|x64
		{A42B7FE7-45F0-461B-8CB2-3EB41458016D}.Debug|x64.Build.0 = Debug|x64
		{A42B7FE7-45F0-461B-8CB2-3EB41458016D}.Debug|x64.Deploy.0 = Debug|x64
		{A42B7FE7-45F0-461B-8CB2-3EB41458016D}.Debug|x86.ActiveCfg = Debug|x86
		{A42B7FE7-45F0-461B-8CB2-3EB41458016D}.Debug|x86.Build.0 = Debug|x86
		{A42B7FE7-45F0-461B-8CB2-3EB41458016D}.Debug|x86.Deploy.0 = Debug|x86
		{A42B7FE7-45F0-461B-8CB2-3EB41458016D}.Release|Any CPU.ActiveCfg = Release|x86
		{A42B7FE7-45F0-461B-8CB2-3EB41458016D}.Release|ARM.ActiveCfg = Release|ARM
		{A42B7FE7-45F0-461B-8CB2-3EB41458016D}.Release|ARM.Build.0 = Release|ARM
		{A42B7FE7-45F0-461B-8CB2-3EB41458016D}.Release|ARM.Deploy.0 = Release|ARM
		{A42B7FE7-45F0-461B-8CB2-3EB41458016D}.Release|iPhone.ActiveCfg = Release|x86
		{A42B7FE7-45F0-461B-8CB2-3EB41458016D}.Release|iPhoneSimulator.ActiveCfg = Release|x86
		{A42B7FE7-45F0-461B-8CB2-3EB41458016D}.Release|x64.ActiveCfg = Release|x64
		{A42B7FE7-45F0-461B-8CB2-3EB41458016D}.Release|x64.Build.0 = Release|x64
		{A42B7FE7-45F0-461B-8CB2-3EB41458016D}.Release|x64.Deploy.0 = Release|x64
		{A42B7FE7-45F0-461B-8CB2-3EB41458016D}.Release|x86.ActiveCfg = Release|x86
		{A42B7FE7-45F0-461B-8CB2-3EB41458016D}.Release|x86.Build.0 = Release|x86
		{A42B7FE7-45F0-461B-8CB2-3EB41458016D}.Release|x86.Deploy.0 = Release|x86
		{352E1D7A-70F4-43C7-92E8-1180E21D3FB2}.AppStore|Any CPU.ActiveCfg = Release|Any CPU
		{352E1D7A-70F4-43C7-92E8-1180E21D3FB2}.AppStore|Any CPU.Build.0 = Release|Any CPU
		{352E1D7A-70F4-43C7-92E8-1180E21D3FB2}.AppStore|ARM.ActiveCfg = Release|Any CPU
		{352E1D7A-70F4-43C7-92E8-1180E21D3FB2}.AppStore|ARM.Build.0 = Release|Any CPU
		{352E1D7A-70F4-43C7-92E8-1180E21D3FB2}.AppStore|iPhone.ActiveCfg = Release|Any CPU
		{352E1D7A-70F4-43C7-92E8-1180E21D3FB2}.AppStore|iPhone.Build.0 = Release|Any CPU
		{352E1D7A-70F4-43C7-92E8-1180E21D3FB2}.AppStore|iPhoneSimulator.ActiveCfg = Release|Any CPU
		{352E1D7A-70F4-43C7-92E8-1180E21D3FB2}.AppStore|iPhoneSimulator.Build.0 = Release|Any CPU
		{352E1D7A-70F4-43C7-92E8-1180E21D3FB2}.AppStore|x64.ActiveCfg = Release|Any CPU
		{352E1D7A-70F4-43C7-92E8-1180E21D3FB2}.AppStore|x64.Build.0 = Release|Any CPU
		{352E1D7A-70F4-43C7-92E8-1180E21D3FB2}.AppStore|x86.ActiveCfg = Release|Any CPU
		{352E1D7A-70F4-43C7-92E8-1180E21D3FB2}.AppStore|x86.Build.0 = Release|Any CPU
		{352E1D7A-70F4-43C7-92E8-1180E21D3FB2}.Debug|Any CPU.ActiveCfg = Debug|Any CPU
		{352E1D7A-70F4-43C7-92E8-1180E21D3FB2}.Debug|Any CPU.Build.0 = Debug|Any CPU
		{352E1D7A-70F4-43C7-92E8-1180E21D3FB2}.Debug|ARM.ActiveCfg = Debug|Any CPU
		{352E1D7A-70F4-43C7-92E8-1180E21D3FB2}.Debug|ARM.Build.0 = Debug|Any CPU
		{352E1D7A-70F4-43C7-92E8-1180E21D3FB2}.Debug|iPhone.ActiveCfg = Debug|Any CPU
		{352E1D7A-70F4-43C7-92E8-1180E21D3FB2}.Debug|iPhone.Build.0 = Debug|Any CPU
		{352E1D7A-70F4-43C7-92E8-1180E21D3FB2}.Debug|iPhoneSimulator.ActiveCfg = Debug|Any CPU
		{352E1D7A-70F4-43C7-92E8-1180E21D3FB2}.Debug|iPhoneSimulator.Build.0 = Debug|Any CPU
		{352E1D7A-70F4-43C7-92E8-1180E21D3FB2}.Debug|x64.ActiveCfg = Debug|Any CPU
		{352E1D7A-70F4-43C7-92E8-1180E21D3FB2}.Debug|x64.Build.0 = Debug|Any CPU
		{352E1D7A-70F4-43C7-92E8-1180E21D3FB2}.Debug|x86.ActiveCfg = Debug|Any CPU
		{352E1D7A-70F4-43C7-92E8-1180E21D3FB2}.Debug|x86.Build.0 = Debug|Any CPU
		{352E1D7A-70F4-43C7-92E8-1180E21D3FB2}.Release|Any CPU.ActiveCfg = Release|Any CPU
		{352E1D7A-70F4-43C7-92E8-1180E21D3FB2}.Release|Any CPU.Build.0 = Release|Any CPU
		{352E1D7A-70F4-43C7-92E8-1180E21D3FB2}.Release|ARM.ActiveCfg = Release|Any CPU
		{352E1D7A-70F4-43C7-92E8-1180E21D3FB2}.Release|ARM.Build.0 = Release|Any CPU
		{352E1D7A-70F4-43C7-92E8-1180E21D3FB2}.Release|iPhone.ActiveCfg = Release|Any CPU
		{352E1D7A-70F4-43C7-92E8-1180E21D3FB2}.Release|iPhone.Build.0 = Release|Any CPU
		{352E1D7A-70F4-43C7-92E8-1180E21D3FB2}.Release|iPhoneSimulator.ActiveCfg = Release|Any CPU
		{352E1D7A-70F4-43C7-92E8-1180E21D3FB2}.Release|iPhoneSimulator.Build.0 = Release|Any CPU
		{352E1D7A-70F4-43C7-92E8-1180E21D3FB2}.Release|x64.ActiveCfg = Release|Any CPU
		{352E1D7A-70F4-43C7-92E8-1180E21D3FB2}.Release|x64.Build.0 = Release|Any CPU
		{352E1D7A-70F4-43C7-92E8-1180E21D3FB2}.Release|x86.ActiveCfg = Release|Any CPU
		{352E1D7A-70F4-43C7-92E8-1180E21D3FB2}.Release|x86.Build.0 = Release|Any CPU
	EndGlobalSection
	GlobalSection(SolutionProperties) = preSolution
		HideSolutionNode = FALSE
	EndGlobalSection
EndGlobal
