
Microsoft Visual Studio Solution File, Format Version 12.00
# Visual Studio 14
VisualStudioVersion = 14.0.25420.1
MinimumVisualStudioVersion = 10.0.40219.1
Project("{2150E333-8FDC-42A3-9474-1A3956D46DE8}") = "src", "src", "{35EFE4D7-8A31-4F47-82B9-0B7AFC315C80}"
EndProject
Project("{2150E333-8FDC-42A3-9474-1A3956D46DE8}") = "Solution Items", "Solution Items", "{B567F0FF-7DEC-4808-B0EF-D9F437B74485}"
	ProjectSection(SolutionItems) = preProject
		global.json = global.json
	EndProjectSection
EndProject
Project("{FAE04EC0-301F-11D3-BF4B-00C04F79EFBC}") = "TransportApiUnitTests", "TransportApiUnitTests\TransportApiUnitTests.csproj", "{57F00E4A-8A85-4E7B-9AA4-B621C018AA2C}"
EndProject
Project("{FAE04EC0-301F-11D3-BF4B-00C04F79EFBC}") = "TransportApiSharpSample", "TransportApiSharpSample\TransportApiSharpSample.csproj", "{A42B7FE7-45F0-461B-8CB2-3EB41458016D}"
EndProject
Project("{FAE04EC0-301F-11D3-BF4B-00C04F79EFBC}") = "TransportApiSharp", "TransportApiSharp\TransportApiSharp.csproj", "{352E1D7A-70F4-43C7-92E8-1180E21D3FB2}"
EndProject
Project("{FAE04EC0-301F-11D3-BF4B-00C04F79EFBC}") = "XamarinSample.Droid", "XamarinSample\XamarinSample.Droid\XamarinSample.Droid.csproj", "{7D9F042C-9935-4541-8711-0AC1D3B068FB}"
EndProject
Project("{FAE04EC0-301F-11D3-BF4B-00C04F79EFBC}") = "XamarinSample.iOS", "XamarinSample\XamarinSample.iOS\XamarinSample.iOS.csproj", "{51424C26-F1BF-422E-9751-E134B754A6FD}"
EndProject
Project("{FAE04EC0-301F-11D3-BF4B-00C04F79EFBC}") = "XamarinSample.WinPhone", "XamarinSample\XamarinSample.WinPhone\XamarinSample.WinPhone.csproj", "{0ACFC3CB-C256-46E7-9C2E-214E1401AFE8}"
EndProject
Project("{FAE04EC0-301F-11D3-BF4B-00C04F79EFBC}") = "XamarinSample.UWP", "XamarinSample\XamarinSample.UWP\XamarinSample.UWP.csproj", "{E0C77CF6-2045-48F7-93CC-9BE39ADB88C8}"
EndProject
Project("{FAE04EC0-301F-11D3-BF4B-00C04F79EFBC}") = "XamarinSample.Windows", "XamarinSample\XamarinSample.Windows\XamarinSample.Windows.csproj", "{1E240D14-499B-4671-BE39-CB5E85147C1B}"
EndProject
Project("{FAE04EC0-301F-11D3-BF4B-00C04F79EFBC}") = "XamarinSample", "XamarinSample\XamarinSample\XamarinSample.csproj", "{3559A0A2-4704-467A-9C12-905A1564A6BE}"
EndProject
Project("{2150E333-8FDC-42A3-9474-1A3956D46DE8}") = "Solution Items", "Solution Items", "{6C182B78-2951-4562-B7B8-F7D4943E73DC}"
	ProjectSection(SolutionItems) = preProject
		license.md = license.md
		README.md = README.md
		TransportApiSharp.md = TransportApiSharp.md
	EndProjectSection
EndProject
Global
	GlobalSection(SolutionConfigurationPlatforms) = preSolution
		Ad-Hoc|Any CPU = Ad-Hoc|Any CPU
		Ad-Hoc|ARM = Ad-Hoc|ARM
		Ad-Hoc|iPhone = Ad-Hoc|iPhone
		Ad-Hoc|iPhoneSimulator = Ad-Hoc|iPhoneSimulator
		Ad-Hoc|x64 = Ad-Hoc|x64
		Ad-Hoc|x86 = Ad-Hoc|x86
		AppStore|Any CPU = AppStore|Any CPU
		AppStore|ARM = AppStore|ARM
		AppStore|iPhone = AppStore|iPhone
		AppStore|iPhoneSimulator = AppStore|iPhoneSimulator
		AppStore|x64 = AppStore|x64
		AppStore|x86 = AppStore|x86
		Debug|Any CPU = Debug|Any CPU
		Debug|ARM = Debug|ARM
		Debug|iPhone = Debug|iPhone
		Debug|iPhoneSimulator = Debug|iPhoneSimulator
		Debug|x64 = Debug|x64
		Debug|x86 = Debug|x86
		Release|Any CPU = Release|Any CPU
		Release|ARM = Release|ARM
		Release|iPhone = Release|iPhone
		Release|iPhoneSimulator = Release|iPhoneSimulator
		Release|x64 = Release|x64
		Release|x86 = Release|x86
	EndGlobalSection
	GlobalSection(ProjectConfigurationPlatforms) = postSolution
		{57F00E4A-8A85-4E7B-9AA4-B621C018AA2C}.Ad-Hoc|Any CPU.ActiveCfg = Debug|Any CPU
		{57F00E4A-8A85-4E7B-9AA4-B621C018AA2C}.Ad-Hoc|Any CPU.Build.0 = Debug|Any CPU
		{57F00E4A-8A85-4E7B-9AA4-B621C018AA2C}.Ad-Hoc|ARM.ActiveCfg = Debug|Any CPU
		{57F00E4A-8A85-4E7B-9AA4-B621C018AA2C}.Ad-Hoc|ARM.Build.0 = Debug|Any CPU
		{57F00E4A-8A85-4E7B-9AA4-B621C018AA2C}.Ad-Hoc|iPhone.ActiveCfg = Debug|Any CPU
		{57F00E4A-8A85-4E7B-9AA4-B621C018AA2C}.Ad-Hoc|iPhone.Build.0 = Debug|Any CPU
		{57F00E4A-8A85-4E7B-9AA4-B621C018AA2C}.Ad-Hoc|iPhoneSimulator.ActiveCfg = Debug|Any CPU
		{57F00E4A-8A85-4E7B-9AA4-B621C018AA2C}.Ad-Hoc|iPhoneSimulator.Build.0 = Debug|Any CPU
		{57F00E4A-8A85-4E7B-9AA4-B621C018AA2C}.Ad-Hoc|x64.ActiveCfg = Debug|Any CPU
		{57F00E4A-8A85-4E7B-9AA4-B621C018AA2C}.Ad-Hoc|x64.Build.0 = Debug|Any CPU
		{57F00E4A-8A85-4E7B-9AA4-B621C018AA2C}.Ad-Hoc|x86.ActiveCfg = Debug|Any CPU
		{57F00E4A-8A85-4E7B-9AA4-B621C018AA2C}.Ad-Hoc|x86.Build.0 = Debug|Any CPU
		{57F00E4A-8A85-4E7B-9AA4-B621C018AA2C}.AppStore|Any CPU.ActiveCfg = Release|Any CPU
		{57F00E4A-8A85-4E7B-9AA4-B621C018AA2C}.AppStore|Any CPU.Build.0 = Release|Any CPU
		{57F00E4A-8A85-4E7B-9AA4-B621C018AA2C}.AppStore|ARM.ActiveCfg = Release|Any CPU
		{57F00E4A-8A85-4E7B-9AA4-B621C018AA2C}.AppStore|ARM.Build.0 = Release|Any CPU
		{57F00E4A-8A85-4E7B-9AA4-B621C018AA2C}.AppStore|iPhone.ActiveCfg = Release|Any CPU
		{57F00E4A-8A85-4E7B-9AA4-B621C018AA2C}.AppStore|iPhone.Build.0 = Release|Any CPU
		{57F00E4A-8A85-4E7B-9AA4-B621C018AA2C}.AppStore|iPhoneSimulator.ActiveCfg = Release|Any CPU
		{57F00E4A-8A85-4E7B-9AA4-B621C018AA2C}.AppStore|iPhoneSimulator.Build.0 = Release|Any CPU
		{57F00E4A-8A85-4E7B-9AA4-B621C018AA2C}.AppStore|x64.ActiveCfg = Release|Any CPU
		{57F00E4A-8A85-4E7B-9AA4-B621C018AA2C}.AppStore|x64.Build.0 = Release|Any CPU
		{57F00E4A-8A85-4E7B-9AA4-B621C018AA2C}.AppStore|x86.ActiveCfg = Release|Any CPU
		{57F00E4A-8A85-4E7B-9AA4-B621C018AA2C}.AppStore|x86.Build.0 = Release|Any CPU
		{57F00E4A-8A85-4E7B-9AA4-B621C018AA2C}.Debug|Any CPU.ActiveCfg = Debug|Any CPU
		{57F00E4A-8A85-4E7B-9AA4-B621C018AA2C}.Debug|Any CPU.Build.0 = Debug|Any CPU
		{57F00E4A-8A85-4E7B-9AA4-B621C018AA2C}.Debug|ARM.ActiveCfg = Debug|Any CPU
		{57F00E4A-8A85-4E7B-9AA4-B621C018AA2C}.Debug|ARM.Build.0 = Debug|Any CPU
		{57F00E4A-8A85-4E7B-9AA4-B621C018AA2C}.Debug|iPhone.ActiveCfg = Debug|Any CPU
		{57F00E4A-8A85-4E7B-9AA4-B621C018AA2C}.Debug|iPhone.Build.0 = Debug|Any CPU
		{57F00E4A-8A85-4E7B-9AA4-B621C018AA2C}.Debug|iPhoneSimulator.ActiveCfg = Debug|Any CPU
		{57F00E4A-8A85-4E7B-9AA4-B621C018AA2C}.Debug|iPhoneSimulator.Build.0 = Debug|Any CPU
		{57F00E4A-8A85-4E7B-9AA4-B621C018AA2C}.Debug|x64.ActiveCfg = Debug|Any CPU
		{57F00E4A-8A85-4E7B-9AA4-B621C018AA2C}.Debug|x64.Build.0 = Debug|Any CPU
		{57F00E4A-8A85-4E7B-9AA4-B621C018AA2C}.Debug|x86.ActiveCfg = Debug|Any CPU
		{57F00E4A-8A85-4E7B-9AA4-B621C018AA2C}.Debug|x86.Build.0 = Debug|Any CPU
		{57F00E4A-8A85-4E7B-9AA4-B621C018AA2C}.Release|Any CPU.ActiveCfg = Release|Any CPU
		{57F00E4A-8A85-4E7B-9AA4-B621C018AA2C}.Release|Any CPU.Build.0 = Release|Any CPU
		{57F00E4A-8A85-4E7B-9AA4-B621C018AA2C}.Release|ARM.ActiveCfg = Release|Any CPU
		{57F00E4A-8A85-4E7B-9AA4-B621C018AA2C}.Release|ARM.Build.0 = Release|Any CPU
		{57F00E4A-8A85-4E7B-9AA4-B621C018AA2C}.Release|iPhone.ActiveCfg = Release|Any CPU
		{57F00E4A-8A85-4E7B-9AA4-B621C018AA2C}.Release|iPhone.Build.0 = Release|Any CPU
		{57F00E4A-8A85-4E7B-9AA4-B621C018AA2C}.Release|iPhoneSimulator.ActiveCfg = Release|Any CPU
		{57F00E4A-8A85-4E7B-9AA4-B621C018AA2C}.Release|iPhoneSimulator.Build.0 = Release|Any CPU
		{57F00E4A-8A85-4E7B-9AA4-B621C018AA2C}.Release|x64.ActiveCfg = Release|Any CPU
		{57F00E4A-8A85-4E7B-9AA4-B621C018AA2C}.Release|x64.Build.0 = Release|Any CPU
		{57F00E4A-8A85-4E7B-9AA4-B621C018AA2C}.Release|x86.ActiveCfg = Release|Any CPU
		{57F00E4A-8A85-4E7B-9AA4-B621C018AA2C}.Release|x86.Build.0 = Release|Any CPU
		{A42B7FE7-45F0-461B-8CB2-3EB41458016D}.Ad-Hoc|Any CPU.ActiveCfg = Debug|x64
		{A42B7FE7-45F0-461B-8CB2-3EB41458016D}.Ad-Hoc|Any CPU.Build.0 = Debug|x64
		{A42B7FE7-45F0-461B-8CB2-3EB41458016D}.Ad-Hoc|Any CPU.Deploy.0 = Debug|x64
		{A42B7FE7-45F0-461B-8CB2-3EB41458016D}.Ad-Hoc|ARM.ActiveCfg = Debug|ARM
		{A42B7FE7-45F0-461B-8CB2-3EB41458016D}.Ad-Hoc|ARM.Build.0 = Debug|ARM
		{A42B7FE7-45F0-461B-8CB2-3EB41458016D}.Ad-Hoc|ARM.Deploy.0 = Debug|ARM
		{A42B7FE7-45F0-461B-8CB2-3EB41458016D}.Ad-Hoc|iPhone.ActiveCfg = Debug|x64
		{A42B7FE7-45F0-461B-8CB2-3EB41458016D}.Ad-Hoc|iPhone.Build.0 = Debug|x64
		{A42B7FE7-45F0-461B-8CB2-3EB41458016D}.Ad-Hoc|iPhone.Deploy.0 = Debug|x64
		{A42B7FE7-45F0-461B-8CB2-3EB41458016D}.Ad-Hoc|iPhoneSimulator.ActiveCfg = Debug|x64
		{A42B7FE7-45F0-461B-8CB2-3EB41458016D}.Ad-Hoc|iPhoneSimulator.Build.0 = Debug|x64
		{A42B7FE7-45F0-461B-8CB2-3EB41458016D}.Ad-Hoc|iPhoneSimulator.Deploy.0 = Debug|x64
		{A42B7FE7-45F0-461B-8CB2-3EB41458016D}.Ad-Hoc|x64.ActiveCfg = Debug|x64
		{A42B7FE7-45F0-461B-8CB2-3EB41458016D}.Ad-Hoc|x64.Build.0 = Debug|x64
		{A42B7FE7-45F0-461B-8CB2-3EB41458016D}.Ad-Hoc|x64.Deploy.0 = Debug|x64
		{A42B7FE7-45F0-461B-8CB2-3EB41458016D}.Ad-Hoc|x86.ActiveCfg = Debug|x86
		{A42B7FE7-45F0-461B-8CB2-3EB41458016D}.Ad-Hoc|x86.Build.0 = Debug|x86
		{A42B7FE7-45F0-461B-8CB2-3EB41458016D}.Ad-Hoc|x86.Deploy.0 = Debug|x86
		{A42B7FE7-45F0-461B-8CB2-3EB41458016D}.AppStore|Any CPU.ActiveCfg = Release|x64
		{A42B7FE7-45F0-461B-8CB2-3EB41458016D}.AppStore|Any CPU.Build.0 = Release|x64
		{A42B7FE7-45F0-461B-8CB2-3EB41458016D}.AppStore|Any CPU.Deploy.0 = Release|x64
		{A42B7FE7-45F0-461B-8CB2-3EB41458016D}.AppStore|ARM.ActiveCfg = Release|ARM
		{A42B7FE7-45F0-461B-8CB2-3EB41458016D}.AppStore|ARM.Build.0 = Release|ARM
		{A42B7FE7-45F0-461B-8CB2-3EB41458016D}.AppStore|ARM.Deploy.0 = Release|ARM
		{A42B7FE7-45F0-461B-8CB2-3EB41458016D}.AppStore|iPhone.ActiveCfg = Release|x64
		{A42B7FE7-45F0-461B-8CB2-3EB41458016D}.AppStore|iPhone.Build.0 = Release|x64
		{A42B7FE7-45F0-461B-8CB2-3EB41458016D}.AppStore|iPhone.Deploy.0 = Release|x64
		{A42B7FE7-45F0-461B-8CB2-3EB41458016D}.AppStore|iPhoneSimulator.ActiveCfg = Release|x64
		{A42B7FE7-45F0-461B-8CB2-3EB41458016D}.AppStore|iPhoneSimulator.Build.0 = Release|x64
		{A42B7FE7-45F0-461B-8CB2-3EB41458016D}.AppStore|iPhoneSimulator.Deploy.0 = Release|x64
		{A42B7FE7-45F0-461B-8CB2-3EB41458016D}.AppStore|x64.ActiveCfg = Release|x64
		{A42B7FE7-45F0-461B-8CB2-3EB41458016D}.AppStore|x64.Build.0 = Release|x64
		{A42B7FE7-45F0-461B-8CB2-3EB41458016D}.AppStore|x64.Deploy.0 = Release|x64
		{A42B7FE7-45F0-461B-8CB2-3EB41458016D}.AppStore|x86.ActiveCfg = Release|x86
		{A42B7FE7-45F0-461B-8CB2-3EB41458016D}.AppStore|x86.Build.0 = Release|x86
		{A42B7FE7-45F0-461B-8CB2-3EB41458016D}.AppStore|x86.Deploy.0 = Release|x86
		{A42B7FE7-45F0-461B-8CB2-3EB41458016D}.Debug|Any CPU.ActiveCfg = Debug|x86
		{A42B7FE7-45F0-461B-8CB2-3EB41458016D}.Debug|Any CPU.Build.0 = Debug|x86
		{A42B7FE7-45F0-461B-8CB2-3EB41458016D}.Debug|Any CPU.Deploy.0 = Debug|x86
		{A42B7FE7-45F0-461B-8CB2-3EB41458016D}.Debug|ARM.ActiveCfg = Debug|ARM
		{A42B7FE7-45F0-461B-8CB2-3EB41458016D}.Debug|ARM.Build.0 = Debug|ARM
		{A42B7FE7-45F0-461B-8CB2-3EB41458016D}.Debug|ARM.Deploy.0 = Debug|ARM
		{A42B7FE7-45F0-461B-8CB2-3EB41458016D}.Debug|iPhone.ActiveCfg = Debug|x86
		{A42B7FE7-45F0-461B-8CB2-3EB41458016D}.Debug|iPhoneSimulator.ActiveCfg = Debug|x86
		{A42B7FE7-45F0-461B-8CB2-3EB41458016D}.Debug|x64.ActiveCfg = Debug|x64
		{A42B7FE7-45F0-461B-8CB2-3EB41458016D}.Debug|x64.Build.0 = Debug|x64
		{A42B7FE7-45F0-461B-8CB2-3EB41458016D}.Debug|x64.Deploy.0 = Debug|x64
		{A42B7FE7-45F0-461B-8CB2-3EB41458016D}.Debug|x86.ActiveCfg = Debug|x86
		{A42B7FE7-45F0-461B-8CB2-3EB41458016D}.Debug|x86.Build.0 = Debug|x86
		{A42B7FE7-45F0-461B-8CB2-3EB41458016D}.Debug|x86.Deploy.0 = Debug|x86
		{A42B7FE7-45F0-461B-8CB2-3EB41458016D}.Release|Any CPU.ActiveCfg = Release|x86
		{A42B7FE7-45F0-461B-8CB2-3EB41458016D}.Release|ARM.ActiveCfg = Release|ARM
		{A42B7FE7-45F0-461B-8CB2-3EB41458016D}.Release|ARM.Build.0 = Release|ARM
		{A42B7FE7-45F0-461B-8CB2-3EB41458016D}.Release|ARM.Deploy.0 = Release|ARM
		{A42B7FE7-45F0-461B-8CB2-3EB41458016D}.Release|iPhone.ActiveCfg = Release|x86
		{A42B7FE7-45F0-461B-8CB2-3EB41458016D}.Release|iPhoneSimulator.ActiveCfg = Release|x86
		{A42B7FE7-45F0-461B-8CB2-3EB41458016D}.Release|x64.ActiveCfg = Release|x64
		{A42B7FE7-45F0-461B-8CB2-3EB41458016D}.Release|x64.Build.0 = Release|x64
		{A42B7FE7-45F0-461B-8CB2-3EB41458016D}.Release|x64.Deploy.0 = Release|x64
		{A42B7FE7-45F0-461B-8CB2-3EB41458016D}.Release|x86.ActiveCfg = Release|x86
		{A42B7FE7-45F0-461B-8CB2-3EB41458016D}.Release|x86.Build.0 = Release|x86
		{A42B7FE7-45F0-461B-8CB2-3EB41458016D}.Release|x86.Deploy.0 = Release|x86
		{352E1D7A-70F4-43C7-92E8-1180E21D3FB2}.Ad-Hoc|Any CPU.ActiveCfg = Debug|Any CPU
		{352E1D7A-70F4-43C7-92E8-1180E21D3FB2}.Ad-Hoc|Any CPU.Build.0 = Debug|Any CPU
		{352E1D7A-70F4-43C7-92E8-1180E21D3FB2}.Ad-Hoc|ARM.ActiveCfg = Debug|Any CPU
		{352E1D7A-70F4-43C7-92E8-1180E21D3FB2}.Ad-Hoc|ARM.Build.0 = Debug|Any CPU
		{352E1D7A-70F4-43C7-92E8-1180E21D3FB2}.Ad-Hoc|iPhone.ActiveCfg = Debug|Any CPU
		{352E1D7A-70F4-43C7-92E8-1180E21D3FB2}.Ad-Hoc|iPhone.Build.0 = Debug|Any CPU
		{352E1D7A-70F4-43C7-92E8-1180E21D3FB2}.Ad-Hoc|iPhoneSimulator.ActiveCfg = Debug|Any CPU
		{352E1D7A-70F4-43C7-92E8-1180E21D3FB2}.Ad-Hoc|iPhoneSimulator.Build.0 = Debug|Any CPU
		{352E1D7A-70F4-43C7-92E8-1180E21D3FB2}.Ad-Hoc|x64.ActiveCfg = Debug|Any CPU
		{352E1D7A-70F4-43C7-92E8-1180E21D3FB2}.Ad-Hoc|x64.Build.0 = Debug|Any CPU
		{352E1D7A-70F4-43C7-92E8-1180E21D3FB2}.Ad-Hoc|x86.ActiveCfg = Debug|Any CPU
		{352E1D7A-70F4-43C7-92E8-1180E21D3FB2}.Ad-Hoc|x86.Build.0 = Debug|Any CPU
		{352E1D7A-70F4-43C7-92E8-1180E21D3FB2}.AppStore|Any CPU.ActiveCfg = Release|Any CPU
		{352E1D7A-70F4-43C7-92E8-1180E21D3FB2}.AppStore|Any CPU.Build.0 = Release|Any CPU
		{352E1D7A-70F4-43C7-92E8-1180E21D3FB2}.AppStore|ARM.ActiveCfg = Release|Any CPU
		{352E1D7A-70F4-43C7-92E8-1180E21D3FB2}.AppStore|ARM.Build.0 = Release|Any CPU
		{352E1D7A-70F4-43C7-92E8-1180E21D3FB2}.AppStore|iPhone.ActiveCfg = Release|Any CPU
		{352E1D7A-70F4-43C7-92E8-1180E21D3FB2}.AppStore|iPhone.Build.0 = Release|Any CPU
		{352E1D7A-70F4-43C7-92E8-1180E21D3FB2}.AppStore|iPhoneSimulator.ActiveCfg = Release|Any CPU
		{352E1D7A-70F4-43C7-92E8-1180E21D3FB2}.AppStore|iPhoneSimulator.Build.0 = Release|Any CPU
		{352E1D7A-70F4-43C7-92E8-1180E21D3FB2}.AppStore|x64.ActiveCfg = Release|Any CPU
		{352E1D7A-70F4-43C7-92E8-1180E21D3FB2}.AppStore|x64.Build.0 = Release|Any CPU
		{352E1D7A-70F4-43C7-92E8-1180E21D3FB2}.AppStore|x86.ActiveCfg = Release|Any CPU
		{352E1D7A-70F4-43C7-92E8-1180E21D3FB2}.AppStore|x86.Build.0 = Release|Any CPU
		{352E1D7A-70F4-43C7-92E8-1180E21D3FB2}.Debug|Any CPU.ActiveCfg = Debug|Any CPU
		{352E1D7A-70F4-43C7-92E8-1180E21D3FB2}.Debug|Any CPU.Build.0 = Debug|Any CPU
		{352E1D7A-70F4-43C7-92E8-1180E21D3FB2}.Debug|ARM.ActiveCfg = Debug|Any CPU
		{352E1D7A-70F4-43C7-92E8-1180E21D3FB2}.Debug|ARM.Build.0 = Debug|Any CPU
		{352E1D7A-70F4-43C7-92E8-1180E21D3FB2}.Debug|iPhone.ActiveCfg = Debug|Any CPU
		{352E1D7A-70F4-43C7-92E8-1180E21D3FB2}.Debug|iPhone.Build.0 = Debug|Any CPU
		{352E1D7A-70F4-43C7-92E8-1180E21D3FB2}.Debug|iPhoneSimulator.ActiveCfg = Debug|Any CPU
		{352E1D7A-70F4-43C7-92E8-1180E21D3FB2}.Debug|iPhoneSimulator.Build.0 = Debug|Any CPU
		{352E1D7A-70F4-43C7-92E8-1180E21D3FB2}.Debug|x64.ActiveCfg = Debug|Any CPU
		{352E1D7A-70F4-43C7-92E8-1180E21D3FB2}.Debug|x64.Build.0 = Debug|Any CPU
		{352E1D7A-70F4-43C7-92E8-1180E21D3FB2}.Debug|x86.ActiveCfg = Debug|Any CPU
		{352E1D7A-70F4-43C7-92E8-1180E21D3FB2}.Debug|x86.Build.0 = Debug|Any CPU
		{352E1D7A-70F4-43C7-92E8-1180E21D3FB2}.Release|Any CPU.ActiveCfg = Release|Any CPU
		{352E1D7A-70F4-43C7-92E8-1180E21D3FB2}.Release|Any CPU.Build.0 = Release|Any CPU
		{352E1D7A-70F4-43C7-92E8-1180E21D3FB2}.Release|ARM.ActiveCfg = Release|Any CPU
		{352E1D7A-70F4-43C7-92E8-1180E21D3FB2}.Release|ARM.Build.0 = Release|Any CPU
		{352E1D7A-70F4-43C7-92E8-1180E21D3FB2}.Release|iPhone.ActiveCfg = Release|Any CPU
		{352E1D7A-70F4-43C7-92E8-1180E21D3FB2}.Release|iPhone.Build.0 = Release|Any CPU
		{352E1D7A-70F4-43C7-92E8-1180E21D3FB2}.Release|iPhoneSimulator.ActiveCfg = Release|Any CPU
		{352E1D7A-70F4-43C7-92E8-1180E21D3FB2}.Release|iPhoneSimulator.Build.0 = Release|Any CPU
		{352E1D7A-70F4-43C7-92E8-1180E21D3FB2}.Release|x64.ActiveCfg = Release|Any CPU
		{352E1D7A-70F4-43C7-92E8-1180E21D3FB2}.Release|x64.Build.0 = Release|Any CPU
		{352E1D7A-70F4-43C7-92E8-1180E21D3FB2}.Release|x86.ActiveCfg = Release|Any CPU
		{352E1D7A-70F4-43C7-92E8-1180E21D3FB2}.Release|x86.Build.0 = Release|Any CPU
		{7D9F042C-9935-4541-8711-0AC1D3B068FB}.Ad-Hoc|Any CPU.ActiveCfg = Release|Any CPU
		{7D9F042C-9935-4541-8711-0AC1D3B068FB}.Ad-Hoc|Any CPU.Build.0 = Release|Any CPU
		{7D9F042C-9935-4541-8711-0AC1D3B068FB}.Ad-Hoc|Any CPU.Deploy.0 = Release|Any CPU
		{7D9F042C-9935-4541-8711-0AC1D3B068FB}.Ad-Hoc|ARM.ActiveCfg = Release|Any CPU
		{7D9F042C-9935-4541-8711-0AC1D3B068FB}.Ad-Hoc|ARM.Build.0 = Release|Any CPU
		{7D9F042C-9935-4541-8711-0AC1D3B068FB}.Ad-Hoc|ARM.Deploy.0 = Release|Any CPU
		{7D9F042C-9935-4541-8711-0AC1D3B068FB}.Ad-Hoc|iPhone.ActiveCfg = Release|Any CPU
		{7D9F042C-9935-4541-8711-0AC1D3B068FB}.Ad-Hoc|iPhone.Build.0 = Release|Any CPU
		{7D9F042C-9935-4541-8711-0AC1D3B068FB}.Ad-Hoc|iPhone.Deploy.0 = Release|Any CPU
		{7D9F042C-9935-4541-8711-0AC1D3B068FB}.Ad-Hoc|iPhoneSimulator.ActiveCfg = Release|Any CPU
		{7D9F042C-9935-4541-8711-0AC1D3B068FB}.Ad-Hoc|iPhoneSimulator.Build.0 = Release|Any CPU
		{7D9F042C-9935-4541-8711-0AC1D3B068FB}.Ad-Hoc|iPhoneSimulator.Deploy.0 = Release|Any CPU
		{7D9F042C-9935-4541-8711-0AC1D3B068FB}.Ad-Hoc|x64.ActiveCfg = Release|Any CPU
		{7D9F042C-9935-4541-8711-0AC1D3B068FB}.Ad-Hoc|x64.Build.0 = Release|Any CPU
		{7D9F042C-9935-4541-8711-0AC1D3B068FB}.Ad-Hoc|x64.Deploy.0 = Release|Any CPU
		{7D9F042C-9935-4541-8711-0AC1D3B068FB}.Ad-Hoc|x86.ActiveCfg = Release|Any CPU
		{7D9F042C-9935-4541-8711-0AC1D3B068FB}.Ad-Hoc|x86.Build.0 = Release|Any CPU
		{7D9F042C-9935-4541-8711-0AC1D3B068FB}.Ad-Hoc|x86.Deploy.0 = Release|Any CPU
		{7D9F042C-9935-4541-8711-0AC1D3B068FB}.AppStore|Any CPU.ActiveCfg = Release|Any CPU
		{7D9F042C-9935-4541-8711-0AC1D3B068FB}.AppStore|Any CPU.Build.0 = Release|Any CPU
		{7D9F042C-9935-4541-8711-0AC1D3B068FB}.AppStore|Any CPU.Deploy.0 = Release|Any CPU
		{7D9F042C-9935-4541-8711-0AC1D3B068FB}.AppStore|ARM.ActiveCfg = Release|Any CPU
		{7D9F042C-9935-4541-8711-0AC1D3B068FB}.AppStore|ARM.Build.0 = Release|Any CPU
		{7D9F042C-9935-4541-8711-0AC1D3B068FB}.AppStore|ARM.Deploy.0 = Release|Any CPU
		{7D9F042C-9935-4541-8711-0AC1D3B068FB}.AppStore|iPhone.ActiveCfg = Release|Any CPU
		{7D9F042C-9935-4541-8711-0AC1D3B068FB}.AppStore|iPhone.Build.0 = Release|Any CPU
		{7D9F042C-9935-4541-8711-0AC1D3B068FB}.AppStore|iPhone.Deploy.0 = Release|Any CPU
		{7D9F042C-9935-4541-8711-0AC1D3B068FB}.AppStore|iPhoneSimulator.ActiveCfg = Release|Any CPU
		{7D9F042C-9935-4541-8711-0AC1D3B068FB}.AppStore|iPhoneSimulator.Build.0 = Release|Any CPU
		{7D9F042C-9935-4541-8711-0AC1D3B068FB}.AppStore|iPhoneSimulator.Deploy.0 = Release|Any CPU
		{7D9F042C-9935-4541-8711-0AC1D3B068FB}.AppStore|x64.ActiveCfg = Release|Any CPU
		{7D9F042C-9935-4541-8711-0AC1D3B068FB}.AppStore|x64.Build.0 = Release|Any CPU
		{7D9F042C-9935-4541-8711-0AC1D3B068FB}.AppStore|x64.Deploy.0 = Release|Any CPU
		{7D9F042C-9935-4541-8711-0AC1D3B068FB}.AppStore|x86.ActiveCfg = Release|Any CPU
		{7D9F042C-9935-4541-8711-0AC1D3B068FB}.AppStore|x86.Build.0 = Release|Any CPU
		{7D9F042C-9935-4541-8711-0AC1D3B068FB}.AppStore|x86.Deploy.0 = Release|Any CPU
		{7D9F042C-9935-4541-8711-0AC1D3B068FB}.Debug|Any CPU.ActiveCfg = Debug|Any CPU
		{7D9F042C-9935-4541-8711-0AC1D3B068FB}.Debug|Any CPU.Build.0 = Debug|Any CPU
		{7D9F042C-9935-4541-8711-0AC1D3B068FB}.Debug|Any CPU.Deploy.0 = Debug|Any CPU
		{7D9F042C-9935-4541-8711-0AC1D3B068FB}.Debug|ARM.ActiveCfg = Debug|Any CPU
		{7D9F042C-9935-4541-8711-0AC1D3B068FB}.Debug|ARM.Build.0 = Debug|Any CPU
		{7D9F042C-9935-4541-8711-0AC1D3B068FB}.Debug|ARM.Deploy.0 = Debug|Any CPU
		{7D9F042C-9935-4541-8711-0AC1D3B068FB}.Debug|iPhone.ActiveCfg = Debug|Any CPU
		{7D9F042C-9935-4541-8711-0AC1D3B068FB}.Debug|iPhone.Build.0 = Debug|Any CPU
		{7D9F042C-9935-4541-8711-0AC1D3B068FB}.Debug|iPhone.Deploy.0 = Debug|Any CPU
		{7D9F042C-9935-4541-8711-0AC1D3B068FB}.Debug|iPhoneSimulator.ActiveCfg = Debug|Any CPU
		{7D9F042C-9935-4541-8711-0AC1D3B068FB}.Debug|iPhoneSimulator.Build.0 = Debug|Any CPU
		{7D9F042C-9935-4541-8711-0AC1D3B068FB}.Debug|iPhoneSimulator.Deploy.0 = Debug|Any CPU
		{7D9F042C-9935-4541-8711-0AC1D3B068FB}.Debug|x64.ActiveCfg = Debug|Any CPU
		{7D9F042C-9935-4541-8711-0AC1D3B068FB}.Debug|x64.Build.0 = Debug|Any CPU
		{7D9F042C-9935-4541-8711-0AC1D3B068FB}.Debug|x64.Deploy.0 = Debug|Any CPU
		{7D9F042C-9935-4541-8711-0AC1D3B068FB}.Debug|x86.ActiveCfg = Debug|Any CPU
		{7D9F042C-9935-4541-8711-0AC1D3B068FB}.Debug|x86.Build.0 = Debug|Any CPU
		{7D9F042C-9935-4541-8711-0AC1D3B068FB}.Debug|x86.Deploy.0 = Debug|Any CPU
		{7D9F042C-9935-4541-8711-0AC1D3B068FB}.Release|Any CPU.ActiveCfg = Release|Any CPU
		{7D9F042C-9935-4541-8711-0AC1D3B068FB}.Release|Any CPU.Build.0 = Release|Any CPU
		{7D9F042C-9935-4541-8711-0AC1D3B068FB}.Release|Any CPU.Deploy.0 = Release|Any CPU
		{7D9F042C-9935-4541-8711-0AC1D3B068FB}.Release|ARM.ActiveCfg = Release|Any CPU
		{7D9F042C-9935-4541-8711-0AC1D3B068FB}.Release|ARM.Build.0 = Release|Any CPU
		{7D9F042C-9935-4541-8711-0AC1D3B068FB}.Release|ARM.Deploy.0 = Release|Any CPU
		{7D9F042C-9935-4541-8711-0AC1D3B068FB}.Release|iPhone.ActiveCfg = Release|Any CPU
		{7D9F042C-9935-4541-8711-0AC1D3B068FB}.Release|iPhone.Build.0 = Release|Any CPU
		{7D9F042C-9935-4541-8711-0AC1D3B068FB}.Release|iPhone.Deploy.0 = Release|Any CPU
		{7D9F042C-9935-4541-8711-0AC1D3B068FB}.Release|iPhoneSimulator.ActiveCfg = Release|Any CPU
		{7D9F042C-9935-4541-8711-0AC1D3B068FB}.Release|iPhoneSimulator.Build.0 = Release|Any CPU
		{7D9F042C-9935-4541-8711-0AC1D3B068FB}.Release|iPhoneSimulator.Deploy.0 = Release|Any CPU
		{7D9F042C-9935-4541-8711-0AC1D3B068FB}.Release|x64.ActiveCfg = Release|Any CPU
		{7D9F042C-9935-4541-8711-0AC1D3B068FB}.Release|x64.Build.0 = Release|Any CPU
		{7D9F042C-9935-4541-8711-0AC1D3B068FB}.Release|x64.Deploy.0 = Release|Any CPU
		{7D9F042C-9935-4541-8711-0AC1D3B068FB}.Release|x86.ActiveCfg = Release|Any CPU
		{7D9F042C-9935-4541-8711-0AC1D3B068FB}.Release|x86.Build.0 = Release|Any CPU
		{7D9F042C-9935-4541-8711-0AC1D3B068FB}.Release|x86.Deploy.0 = Release|Any CPU
		{51424C26-F1BF-422E-9751-E134B754A6FD}.Ad-Hoc|Any CPU.ActiveCfg = Ad-Hoc|iPhone
		{51424C26-F1BF-422E-9751-E134B754A6FD}.Ad-Hoc|ARM.ActiveCfg = Ad-Hoc|iPhone
		{51424C26-F1BF-422E-9751-E134B754A6FD}.Ad-Hoc|iPhone.ActiveCfg = Ad-Hoc|iPhone
		{51424C26-F1BF-422E-9751-E134B754A6FD}.Ad-Hoc|iPhone.Build.0 = Ad-Hoc|iPhone
		{51424C26-F1BF-422E-9751-E134B754A6FD}.Ad-Hoc|iPhoneSimulator.ActiveCfg = Ad-Hoc|iPhoneSimulator
		{51424C26-F1BF-422E-9751-E134B754A6FD}.Ad-Hoc|iPhoneSimulator.Build.0 = Ad-Hoc|iPhoneSimulator
		{51424C26-F1BF-422E-9751-E134B754A6FD}.Ad-Hoc|x64.ActiveCfg = Ad-Hoc|iPhone
		{51424C26-F1BF-422E-9751-E134B754A6FD}.Ad-Hoc|x86.ActiveCfg = Ad-Hoc|iPhone
		{51424C26-F1BF-422E-9751-E134B754A6FD}.AppStore|Any CPU.ActiveCfg = AppStore|iPhone
		{51424C26-F1BF-422E-9751-E134B754A6FD}.AppStore|ARM.ActiveCfg = AppStore|iPhone
		{51424C26-F1BF-422E-9751-E134B754A6FD}.AppStore|iPhone.ActiveCfg = AppStore|iPhone
		{51424C26-F1BF-422E-9751-E134B754A6FD}.AppStore|iPhone.Build.0 = AppStore|iPhone
		{51424C26-F1BF-422E-9751-E134B754A6FD}.AppStore|iPhoneSimulator.ActiveCfg = AppStore|iPhoneSimulator
		{51424C26-F1BF-422E-9751-E134B754A6FD}.AppStore|iPhoneSimulator.Build.0 = AppStore|iPhoneSimulator
		{51424C26-F1BF-422E-9751-E134B754A6FD}.AppStore|x64.ActiveCfg = AppStore|iPhone
		{51424C26-F1BF-422E-9751-E134B754A6FD}.AppStore|x86.ActiveCfg = AppStore|iPhone
		{51424C26-F1BF-422E-9751-E134B754A6FD}.Debug|Any CPU.ActiveCfg = Debug|iPhone
		{51424C26-F1BF-422E-9751-E134B754A6FD}.Debug|ARM.ActiveCfg = Debug|iPhone
		{51424C26-F1BF-422E-9751-E134B754A6FD}.Debug|iPhone.ActiveCfg = Debug|iPhone
		{51424C26-F1BF-422E-9751-E134B754A6FD}.Debug|iPhone.Build.0 = Debug|iPhone
		{51424C26-F1BF-422E-9751-E134B754A6FD}.Debug|iPhoneSimulator.ActiveCfg = Debug|iPhoneSimulator
		{51424C26-F1BF-422E-9751-E134B754A6FD}.Debug|iPhoneSimulator.Build.0 = Debug|iPhoneSimulator
		{51424C26-F1BF-422E-9751-E134B754A6FD}.Debug|x64.ActiveCfg = Debug|iPhone
		{51424C26-F1BF-422E-9751-E134B754A6FD}.Debug|x86.ActiveCfg = Debug|iPhone
		{51424C26-F1BF-422E-9751-E134B754A6FD}.Release|Any CPU.ActiveCfg = Release|iPhone
		{51424C26-F1BF-422E-9751-E134B754A6FD}.Release|ARM.ActiveCfg = Release|iPhone
		{51424C26-F1BF-422E-9751-E134B754A6FD}.Release|iPhone.ActiveCfg = Release|iPhone
		{51424C26-F1BF-422E-9751-E134B754A6FD}.Release|iPhone.Build.0 = Release|iPhone
		{51424C26-F1BF-422E-9751-E134B754A6FD}.Release|iPhoneSimulator.ActiveCfg = Release|iPhoneSimulator
		{51424C26-F1BF-422E-9751-E134B754A6FD}.Release|iPhoneSimulator.Build.0 = Release|iPhoneSimulator
		{51424C26-F1BF-422E-9751-E134B754A6FD}.Release|x64.ActiveCfg = Release|iPhone
		{51424C26-F1BF-422E-9751-E134B754A6FD}.Release|x86.ActiveCfg = Release|iPhone
		{0ACFC3CB-C256-46E7-9C2E-214E1401AFE8}.Ad-Hoc|Any CPU.ActiveCfg = Release|Any CPU
		{0ACFC3CB-C256-46E7-9C2E-214E1401AFE8}.Ad-Hoc|Any CPU.Build.0 = Release|Any CPU
		{0ACFC3CB-C256-46E7-9C2E-214E1401AFE8}.Ad-Hoc|Any CPU.Deploy.0 = Release|Any CPU
		{0ACFC3CB-C256-46E7-9C2E-214E1401AFE8}.Ad-Hoc|ARM.ActiveCfg = Release|ARM
		{0ACFC3CB-C256-46E7-9C2E-214E1401AFE8}.Ad-Hoc|ARM.Build.0 = Release|ARM
		{0ACFC3CB-C256-46E7-9C2E-214E1401AFE8}.Ad-Hoc|ARM.Deploy.0 = Release|ARM
		{0ACFC3CB-C256-46E7-9C2E-214E1401AFE8}.Ad-Hoc|iPhone.ActiveCfg = Release|Any CPU
		{0ACFC3CB-C256-46E7-9C2E-214E1401AFE8}.Ad-Hoc|iPhone.Build.0 = Release|Any CPU
		{0ACFC3CB-C256-46E7-9C2E-214E1401AFE8}.Ad-Hoc|iPhone.Deploy.0 = Release|Any CPU
		{0ACFC3CB-C256-46E7-9C2E-214E1401AFE8}.Ad-Hoc|iPhoneSimulator.ActiveCfg = Release|Any CPU
		{0ACFC3CB-C256-46E7-9C2E-214E1401AFE8}.Ad-Hoc|iPhoneSimulator.Build.0 = Release|Any CPU
		{0ACFC3CB-C256-46E7-9C2E-214E1401AFE8}.Ad-Hoc|iPhoneSimulator.Deploy.0 = Release|Any CPU
		{0ACFC3CB-C256-46E7-9C2E-214E1401AFE8}.Ad-Hoc|x64.ActiveCfg = Release|Any CPU
		{0ACFC3CB-C256-46E7-9C2E-214E1401AFE8}.Ad-Hoc|x64.Build.0 = Release|Any CPU
		{0ACFC3CB-C256-46E7-9C2E-214E1401AFE8}.Ad-Hoc|x64.Deploy.0 = Release|Any CPU
		{0ACFC3CB-C256-46E7-9C2E-214E1401AFE8}.Ad-Hoc|x86.ActiveCfg = Release|x86
		{0ACFC3CB-C256-46E7-9C2E-214E1401AFE8}.Ad-Hoc|x86.Build.0 = Release|x86
		{0ACFC3CB-C256-46E7-9C2E-214E1401AFE8}.Ad-Hoc|x86.Deploy.0 = Release|x86
		{0ACFC3CB-C256-46E7-9C2E-214E1401AFE8}.AppStore|Any CPU.ActiveCfg = Release|Any CPU
		{0ACFC3CB-C256-46E7-9C2E-214E1401AFE8}.AppStore|Any CPU.Build.0 = Release|Any CPU
		{0ACFC3CB-C256-46E7-9C2E-214E1401AFE8}.AppStore|Any CPU.Deploy.0 = Release|Any CPU
		{0ACFC3CB-C256-46E7-9C2E-214E1401AFE8}.AppStore|ARM.ActiveCfg = Release|ARM
		{0ACFC3CB-C256-46E7-9C2E-214E1401AFE8}.AppStore|ARM.Build.0 = Release|ARM
		{0ACFC3CB-C256-46E7-9C2E-214E1401AFE8}.AppStore|ARM.Deploy.0 = Release|ARM
		{0ACFC3CB-C256-46E7-9C2E-214E1401AFE8}.AppStore|iPhone.ActiveCfg = Release|Any CPU
		{0ACFC3CB-C256-46E7-9C2E-214E1401AFE8}.AppStore|iPhone.Build.0 = Release|Any CPU
		{0ACFC3CB-C256-46E7-9C2E-214E1401AFE8}.AppStore|iPhone.Deploy.0 = Release|Any CPU
		{0ACFC3CB-C256-46E7-9C2E-214E1401AFE8}.AppStore|iPhoneSimulator.ActiveCfg = Release|Any CPU
		{0ACFC3CB-C256-46E7-9C2E-214E1401AFE8}.AppStore|iPhoneSimulator.Build.0 = Release|Any CPU
		{0ACFC3CB-C256-46E7-9C2E-214E1401AFE8}.AppStore|iPhoneSimulator.Deploy.0 = Release|Any CPU
		{0ACFC3CB-C256-46E7-9C2E-214E1401AFE8}.AppStore|x64.ActiveCfg = Release|Any CPU
		{0ACFC3CB-C256-46E7-9C2E-214E1401AFE8}.AppStore|x64.Build.0 = Release|Any CPU
		{0ACFC3CB-C256-46E7-9C2E-214E1401AFE8}.AppStore|x64.Deploy.0 = Release|Any CPU
		{0ACFC3CB-C256-46E7-9C2E-214E1401AFE8}.AppStore|x86.ActiveCfg = Release|x86
		{0ACFC3CB-C256-46E7-9C2E-214E1401AFE8}.AppStore|x86.Build.0 = Release|x86
		{0ACFC3CB-C256-46E7-9C2E-214E1401AFE8}.AppStore|x86.Deploy.0 = Release|x86
		{0ACFC3CB-C256-46E7-9C2E-214E1401AFE8}.Debug|Any CPU.ActiveCfg = Debug|Any CPU
		{0ACFC3CB-C256-46E7-9C2E-214E1401AFE8}.Debug|Any CPU.Build.0 = Debug|Any CPU
		{0ACFC3CB-C256-46E7-9C2E-214E1401AFE8}.Debug|Any CPU.Deploy.0 = Debug|Any CPU
		{0ACFC3CB-C256-46E7-9C2E-214E1401AFE8}.Debug|ARM.ActiveCfg = Debug|ARM
		{0ACFC3CB-C256-46E7-9C2E-214E1401AFE8}.Debug|ARM.Build.0 = Debug|ARM
		{0ACFC3CB-C256-46E7-9C2E-214E1401AFE8}.Debug|ARM.Deploy.0 = Debug|ARM
		{0ACFC3CB-C256-46E7-9C2E-214E1401AFE8}.Debug|iPhone.ActiveCfg = Debug|Any CPU
		{0ACFC3CB-C256-46E7-9C2E-214E1401AFE8}.Debug|iPhone.Build.0 = Debug|Any CPU
		{0ACFC3CB-C256-46E7-9C2E-214E1401AFE8}.Debug|iPhone.Deploy.0 = Debug|Any CPU
		{0ACFC3CB-C256-46E7-9C2E-214E1401AFE8}.Debug|iPhoneSimulator.ActiveCfg = Debug|Any CPU
		{0ACFC3CB-C256-46E7-9C2E-214E1401AFE8}.Debug|iPhoneSimulator.Build.0 = Debug|Any CPU
		{0ACFC3CB-C256-46E7-9C2E-214E1401AFE8}.Debug|iPhoneSimulator.Deploy.0 = Debug|Any CPU
		{0ACFC3CB-C256-46E7-9C2E-214E1401AFE8}.Debug|x64.ActiveCfg = Debug|Any CPU
		{0ACFC3CB-C256-46E7-9C2E-214E1401AFE8}.Debug|x64.Build.0 = Debug|Any CPU
		{0ACFC3CB-C256-46E7-9C2E-214E1401AFE8}.Debug|x64.Deploy.0 = Debug|Any CPU
		{0ACFC3CB-C256-46E7-9C2E-214E1401AFE8}.Debug|x86.ActiveCfg = Debug|x86
		{0ACFC3CB-C256-46E7-9C2E-214E1401AFE8}.Debug|x86.Build.0 = Debug|x86
		{0ACFC3CB-C256-46E7-9C2E-214E1401AFE8}.Debug|x86.Deploy.0 = Debug|x86
		{0ACFC3CB-C256-46E7-9C2E-214E1401AFE8}.Release|Any CPU.ActiveCfg = Release|Any CPU
		{0ACFC3CB-C256-46E7-9C2E-214E1401AFE8}.Release|Any CPU.Build.0 = Release|Any CPU
		{0ACFC3CB-C256-46E7-9C2E-214E1401AFE8}.Release|Any CPU.Deploy.0 = Release|Any CPU
		{0ACFC3CB-C256-46E7-9C2E-214E1401AFE8}.Release|ARM.ActiveCfg = Release|ARM
		{0ACFC3CB-C256-46E7-9C2E-214E1401AFE8}.Release|ARM.Build.0 = Release|ARM
		{0ACFC3CB-C256-46E7-9C2E-214E1401AFE8}.Release|ARM.Deploy.0 = Release|ARM
		{0ACFC3CB-C256-46E7-9C2E-214E1401AFE8}.Release|iPhone.ActiveCfg = Release|Any CPU
		{0ACFC3CB-C256-46E7-9C2E-214E1401AFE8}.Release|iPhone.Build.0 = Release|Any CPU
		{0ACFC3CB-C256-46E7-9C2E-214E1401AFE8}.Release|iPhone.Deploy.0 = Release|Any CPU
		{0ACFC3CB-C256-46E7-9C2E-214E1401AFE8}.Release|iPhoneSimulator.ActiveCfg = Release|Any CPU
		{0ACFC3CB-C256-46E7-9C2E-214E1401AFE8}.Release|iPhoneSimulator.Build.0 = Release|Any CPU
		{0ACFC3CB-C256-46E7-9C2E-214E1401AFE8}.Release|iPhoneSimulator.Deploy.0 = Release|Any CPU
		{0ACFC3CB-C256-46E7-9C2E-214E1401AFE8}.Release|x64.ActiveCfg = Release|Any CPU
		{0ACFC3CB-C256-46E7-9C2E-214E1401AFE8}.Release|x64.Build.0 = Release|Any CPU
		{0ACFC3CB-C256-46E7-9C2E-214E1401AFE8}.Release|x64.Deploy.0 = Release|Any CPU
		{0ACFC3CB-C256-46E7-9C2E-214E1401AFE8}.Release|x86.ActiveCfg = Release|x86
		{0ACFC3CB-C256-46E7-9C2E-214E1401AFE8}.Release|x86.Build.0 = Release|x86
		{0ACFC3CB-C256-46E7-9C2E-214E1401AFE8}.Release|x86.Deploy.0 = Release|x86
		{E0C77CF6-2045-48F7-93CC-9BE39ADB88C8}.Ad-Hoc|Any CPU.ActiveCfg = Release|x86
		{E0C77CF6-2045-48F7-93CC-9BE39ADB88C8}.Ad-Hoc|Any CPU.Build.0 = Release|x86
		{E0C77CF6-2045-48F7-93CC-9BE39ADB88C8}.Ad-Hoc|Any CPU.Deploy.0 = Release|x86
		{E0C77CF6-2045-48F7-93CC-9BE39ADB88C8}.Ad-Hoc|ARM.ActiveCfg = Release|ARM
		{E0C77CF6-2045-48F7-93CC-9BE39ADB88C8}.Ad-Hoc|ARM.Build.0 = Release|ARM
		{E0C77CF6-2045-48F7-93CC-9BE39ADB88C8}.Ad-Hoc|ARM.Deploy.0 = Release|ARM
		{E0C77CF6-2045-48F7-93CC-9BE39ADB88C8}.Ad-Hoc|iPhone.ActiveCfg = Release|x86
		{E0C77CF6-2045-48F7-93CC-9BE39ADB88C8}.Ad-Hoc|iPhone.Build.0 = Release|x86
		{E0C77CF6-2045-48F7-93CC-9BE39ADB88C8}.Ad-Hoc|iPhone.Deploy.0 = Release|x86
		{E0C77CF6-2045-48F7-93CC-9BE39ADB88C8}.Ad-Hoc|iPhoneSimulator.ActiveCfg = Release|x86
		{E0C77CF6-2045-48F7-93CC-9BE39ADB88C8}.Ad-Hoc|iPhoneSimulator.Build.0 = Release|x86
		{E0C77CF6-2045-48F7-93CC-9BE39ADB88C8}.Ad-Hoc|iPhoneSimulator.Deploy.0 = Release|x86
		{E0C77CF6-2045-48F7-93CC-9BE39ADB88C8}.Ad-Hoc|x64.ActiveCfg = Release|x64
		{E0C77CF6-2045-48F7-93CC-9BE39ADB88C8}.Ad-Hoc|x64.Build.0 = Release|x64
		{E0C77CF6-2045-48F7-93CC-9BE39ADB88C8}.Ad-Hoc|x64.Deploy.0 = Release|x64
		{E0C77CF6-2045-48F7-93CC-9BE39ADB88C8}.Ad-Hoc|x86.ActiveCfg = Release|x86
		{E0C77CF6-2045-48F7-93CC-9BE39ADB88C8}.Ad-Hoc|x86.Build.0 = Release|x86
		{E0C77CF6-2045-48F7-93CC-9BE39ADB88C8}.Ad-Hoc|x86.Deploy.0 = Release|x86
		{E0C77CF6-2045-48F7-93CC-9BE39ADB88C8}.AppStore|Any CPU.ActiveCfg = Release|x86
		{E0C77CF6-2045-48F7-93CC-9BE39ADB88C8}.AppStore|Any CPU.Build.0 = Release|x86
		{E0C77CF6-2045-48F7-93CC-9BE39ADB88C8}.AppStore|Any CPU.Deploy.0 = Release|x86
		{E0C77CF6-2045-48F7-93CC-9BE39ADB88C8}.AppStore|ARM.ActiveCfg = Release|ARM
		{E0C77CF6-2045-48F7-93CC-9BE39ADB88C8}.AppStore|ARM.Build.0 = Release|ARM
		{E0C77CF6-2045-48F7-93CC-9BE39ADB88C8}.AppStore|ARM.Deploy.0 = Release|ARM
		{E0C77CF6-2045-48F7-93CC-9BE39ADB88C8}.AppStore|iPhone.ActiveCfg = Release|x86
		{E0C77CF6-2045-48F7-93CC-9BE39ADB88C8}.AppStore|iPhone.Build.0 = Release|x86
		{E0C77CF6-2045-48F7-93CC-9BE39ADB88C8}.AppStore|iPhone.Deploy.0 = Release|x86
		{E0C77CF6-2045-48F7-93CC-9BE39ADB88C8}.AppStore|iPhoneSimulator.ActiveCfg = Release|x86
		{E0C77CF6-2045-48F7-93CC-9BE39ADB88C8}.AppStore|iPhoneSimulator.Build.0 = Release|x86
		{E0C77CF6-2045-48F7-93CC-9BE39ADB88C8}.AppStore|iPhoneSimulator.Deploy.0 = Release|x86
		{E0C77CF6-2045-48F7-93CC-9BE39ADB88C8}.AppStore|x64.ActiveCfg = Release|x64
		{E0C77CF6-2045-48F7-93CC-9BE39ADB88C8}.AppStore|x64.Build.0 = Release|x64
		{E0C77CF6-2045-48F7-93CC-9BE39ADB88C8}.AppStore|x64.Deploy.0 = Release|x64
		{E0C77CF6-2045-48F7-93CC-9BE39ADB88C8}.AppStore|x86.ActiveCfg = Release|x86
		{E0C77CF6-2045-48F7-93CC-9BE39ADB88C8}.AppStore|x86.Build.0 = Release|x86
		{E0C77CF6-2045-48F7-93CC-9BE39ADB88C8}.AppStore|x86.Deploy.0 = Release|x86
		{E0C77CF6-2045-48F7-93CC-9BE39ADB88C8}.Debug|Any CPU.ActiveCfg = Debug|x86
		{E0C77CF6-2045-48F7-93CC-9BE39ADB88C8}.Debug|ARM.ActiveCfg = Debug|ARM
		{E0C77CF6-2045-48F7-93CC-9BE39ADB88C8}.Debug|ARM.Build.0 = Debug|ARM
		{E0C77CF6-2045-48F7-93CC-9BE39ADB88C8}.Debug|ARM.Deploy.0 = Debug|ARM
		{E0C77CF6-2045-48F7-93CC-9BE39ADB88C8}.Debug|iPhone.ActiveCfg = Debug|x86
		{E0C77CF6-2045-48F7-93CC-9BE39ADB88C8}.Debug|iPhoneSimulator.ActiveCfg = Debug|x86
		{E0C77CF6-2045-48F7-93CC-9BE39ADB88C8}.Debug|x64.ActiveCfg = Debug|x64
		{E0C77CF6-2045-48F7-93CC-9BE39ADB88C8}.Debug|x64.Build.0 = Debug|x64
		{E0C77CF6-2045-48F7-93CC-9BE39ADB88C8}.Debug|x64.Deploy.0 = Debug|x64
		{E0C77CF6-2045-48F7-93CC-9BE39ADB88C8}.Debug|x86.ActiveCfg = Debug|x86
		{E0C77CF6-2045-48F7-93CC-9BE39ADB88C8}.Debug|x86.Build.0 = Debug|x86
		{E0C77CF6-2045-48F7-93CC-9BE39ADB88C8}.Debug|x86.Deploy.0 = Debug|x86
		{E0C77CF6-2045-48F7-93CC-9BE39ADB88C8}.Release|Any CPU.ActiveCfg = Release|x86
		{E0C77CF6-2045-48F7-93CC-9BE39ADB88C8}.Release|ARM.ActiveCfg = Release|ARM
		{E0C77CF6-2045-48F7-93CC-9BE39ADB88C8}.Release|ARM.Build.0 = Release|ARM
		{E0C77CF6-2045-48F7-93CC-9BE39ADB88C8}.Release|ARM.Deploy.0 = Release|ARM
		{E0C77CF6-2045-48F7-93CC-9BE39ADB88C8}.Release|iPhone.ActiveCfg = Release|x86
		{E0C77CF6-2045-48F7-93CC-9BE39ADB88C8}.Release|iPhoneSimulator.ActiveCfg = Release|x86
		{E0C77CF6-2045-48F7-93CC-9BE39ADB88C8}.Release|x64.ActiveCfg = Release|x64
		{E0C77CF6-2045-48F7-93CC-9BE39ADB88C8}.Release|x64.Build.0 = Release|x64
		{E0C77CF6-2045-48F7-93CC-9BE39ADB88C8}.Release|x64.Deploy.0 = Release|x64
		{E0C77CF6-2045-48F7-93CC-9BE39ADB88C8}.Release|x86.ActiveCfg = Release|x86
		{E0C77CF6-2045-48F7-93CC-9BE39ADB88C8}.Release|x86.Build.0 = Release|x86
		{E0C77CF6-2045-48F7-93CC-9BE39ADB88C8}.Release|x86.Deploy.0 = Release|x86
		{1E240D14-499B-4671-BE39-CB5E85147C1B}.Ad-Hoc|Any CPU.ActiveCfg = Release|Any CPU
		{1E240D14-499B-4671-BE39-CB5E85147C1B}.Ad-Hoc|Any CPU.Build.0 = Release|Any CPU
		{1E240D14-499B-4671-BE39-CB5E85147C1B}.Ad-Hoc|Any CPU.Deploy.0 = Release|Any CPU
		{1E240D14-499B-4671-BE39-CB5E85147C1B}.Ad-Hoc|ARM.ActiveCfg = Release|ARM
		{1E240D14-499B-4671-BE39-CB5E85147C1B}.Ad-Hoc|ARM.Build.0 = Release|ARM
		{1E240D14-499B-4671-BE39-CB5E85147C1B}.Ad-Hoc|ARM.Deploy.0 = Release|ARM
		{1E240D14-499B-4671-BE39-CB5E85147C1B}.Ad-Hoc|iPhone.ActiveCfg = Release|Any CPU
		{1E240D14-499B-4671-BE39-CB5E85147C1B}.Ad-Hoc|iPhone.Build.0 = Release|Any CPU
		{1E240D14-499B-4671-BE39-CB5E85147C1B}.Ad-Hoc|iPhone.Deploy.0 = Release|Any CPU
		{1E240D14-499B-4671-BE39-CB5E85147C1B}.Ad-Hoc|iPhoneSimulator.ActiveCfg = Release|Any CPU
		{1E240D14-499B-4671-BE39-CB5E85147C1B}.Ad-Hoc|iPhoneSimulator.Build.0 = Release|Any CPU
		{1E240D14-499B-4671-BE39-CB5E85147C1B}.Ad-Hoc|iPhoneSimulator.Deploy.0 = Release|Any CPU
		{1E240D14-499B-4671-BE39-CB5E85147C1B}.Ad-Hoc|x64.ActiveCfg = Release|x64
		{1E240D14-499B-4671-BE39-CB5E85147C1B}.Ad-Hoc|x64.Build.0 = Release|x64
		{1E240D14-499B-4671-BE39-CB5E85147C1B}.Ad-Hoc|x64.Deploy.0 = Release|x64
		{1E240D14-499B-4671-BE39-CB5E85147C1B}.Ad-Hoc|x86.ActiveCfg = Release|x86
		{1E240D14-499B-4671-BE39-CB5E85147C1B}.Ad-Hoc|x86.Build.0 = Release|x86
		{1E240D14-499B-4671-BE39-CB5E85147C1B}.Ad-Hoc|x86.Deploy.0 = Release|x86
		{1E240D14-499B-4671-BE39-CB5E85147C1B}.AppStore|Any CPU.ActiveCfg = Release|Any CPU
		{1E240D14-499B-4671-BE39-CB5E85147C1B}.AppStore|Any CPU.Build.0 = Release|Any CPU
		{1E240D14-499B-4671-BE39-CB5E85147C1B}.AppStore|Any CPU.Deploy.0 = Release|Any CPU
		{1E240D14-499B-4671-BE39-CB5E85147C1B}.AppStore|ARM.ActiveCfg = Release|ARM
		{1E240D14-499B-4671-BE39-CB5E85147C1B}.AppStore|ARM.Build.0 = Release|ARM
		{1E240D14-499B-4671-BE39-CB5E85147C1B}.AppStore|ARM.Deploy.0 = Release|ARM
		{1E240D14-499B-4671-BE39-CB5E85147C1B}.AppStore|iPhone.ActiveCfg = Release|Any CPU
		{1E240D14-499B-4671-BE39-CB5E85147C1B}.AppStore|iPhone.Build.0 = Release|Any CPU
		{1E240D14-499B-4671-BE39-CB5E85147C1B}.AppStore|iPhone.Deploy.0 = Release|Any CPU
		{1E240D14-499B-4671-BE39-CB5E85147C1B}.AppStore|iPhoneSimulator.ActiveCfg = Release|Any CPU
		{1E240D14-499B-4671-BE39-CB5E85147C1B}.AppStore|iPhoneSimulator.Build.0 = Release|Any CPU
		{1E240D14-499B-4671-BE39-CB5E85147C1B}.AppStore|iPhoneSimulator.Deploy.0 = Release|Any CPU
		{1E240D14-499B-4671-BE39-CB5E85147C1B}.AppStore|x64.ActiveCfg = Release|x64
		{1E240D14-499B-4671-BE39-CB5E85147C1B}.AppStore|x64.Build.0 = Release|x64
		{1E240D14-499B-4671-BE39-CB5E85147C1B}.AppStore|x64.Deploy.0 = Release|x64
		{1E240D14-499B-4671-BE39-CB5E85147C1B}.AppStore|x86.ActiveCfg = Release|x86
		{1E240D14-499B-4671-BE39-CB5E85147C1B}.AppStore|x86.Build.0 = Release|x86
		{1E240D14-499B-4671-BE39-CB5E85147C1B}.AppStore|x86.Deploy.0 = Release|x86
		{1E240D14-499B-4671-BE39-CB5E85147C1B}.Debug|Any CPU.ActiveCfg = Debug|Any CPU
		{1E240D14-499B-4671-BE39-CB5E85147C1B}.Debug|Any CPU.Build.0 = Debug|Any CPU
		{1E240D14-499B-4671-BE39-CB5E85147C1B}.Debug|Any CPU.Deploy.0 = Debug|Any CPU
		{1E240D14-499B-4671-BE39-CB5E85147C1B}.Debug|ARM.ActiveCfg = Debug|ARM
		{1E240D14-499B-4671-BE39-CB5E85147C1B}.Debug|ARM.Build.0 = Debug|ARM
		{1E240D14-499B-4671-BE39-CB5E85147C1B}.Debug|ARM.Deploy.0 = Debug|ARM
		{1E240D14-499B-4671-BE39-CB5E85147C1B}.Debug|iPhone.ActiveCfg = Debug|Any CPU
		{1E240D14-499B-4671-BE39-CB5E85147C1B}.Debug|iPhone.Build.0 = Debug|Any CPU
		{1E240D14-499B-4671-BE39-CB5E85147C1B}.Debug|iPhone.Deploy.0 = Debug|Any CPU
		{1E240D14-499B-4671-BE39-CB5E85147C1B}.Debug|iPhoneSimulator.ActiveCfg = Debug|Any CPU
		{1E240D14-499B-4671-BE39-CB5E85147C1B}.Debug|iPhoneSimulator.Build.0 = Debug|Any CPU
		{1E240D14-499B-4671-BE39-CB5E85147C1B}.Debug|iPhoneSimulator.Deploy.0 = Debug|Any CPU
		{1E240D14-499B-4671-BE39-CB5E85147C1B}.Debug|x64.ActiveCfg = Debug|x64
		{1E240D14-499B-4671-BE39-CB5E85147C1B}.Debug|x64.Build.0 = Debug|x64
		{1E240D14-499B-4671-BE39-CB5E85147C1B}.Debug|x64.Deploy.0 = Debug|x64
		{1E240D14-499B-4671-BE39-CB5E85147C1B}.Debug|x86.ActiveCfg = Debug|x86
		{1E240D14-499B-4671-BE39-CB5E85147C1B}.Debug|x86.Build.0 = Debug|x86
		{1E240D14-499B-4671-BE39-CB5E85147C1B}.Debug|x86.Deploy.0 = Debug|x86
		{1E240D14-499B-4671-BE39-CB5E85147C1B}.Release|Any CPU.ActiveCfg = Release|Any CPU
		{1E240D14-499B-4671-BE39-CB5E85147C1B}.Release|Any CPU.Build.0 = Release|Any CPU
		{1E240D14-499B-4671-BE39-CB5E85147C1B}.Release|Any CPU.Deploy.0 = Release|Any CPU
		{1E240D14-499B-4671-BE39-CB5E85147C1B}.Release|ARM.ActiveCfg = Release|ARM
		{1E240D14-499B-4671-BE39-CB5E85147C1B}.Release|ARM.Build.0 = Release|ARM
		{1E240D14-499B-4671-BE39-CB5E85147C1B}.Release|ARM.Deploy.0 = Release|ARM
		{1E240D14-499B-4671-BE39-CB5E85147C1B}.Release|iPhone.ActiveCfg = Release|Any CPU
		{1E240D14-499B-4671-BE39-CB5E85147C1B}.Release|iPhone.Build.0 = Release|Any CPU
		{1E240D14-499B-4671-BE39-CB5E85147C1B}.Release|iPhone.Deploy.0 = Release|Any CPU
		{1E240D14-499B-4671-BE39-CB5E85147C1B}.Release|iPhoneSimulator.ActiveCfg = Release|Any CPU
		{1E240D14-499B-4671-BE39-CB5E85147C1B}.Release|iPhoneSimulator.Build.0 = Release|Any CPU
		{1E240D14-499B-4671-BE39-CB5E85147C1B}.Release|iPhoneSimulator.Deploy.0 = Release|Any CPU
		{1E240D14-499B-4671-BE39-CB5E85147C1B}.Release|x64.ActiveCfg = Release|x64
		{1E240D14-499B-4671-BE39-CB5E85147C1B}.Release|x64.Build.0 = Release|x64
		{1E240D14-499B-4671-BE39-CB5E85147C1B}.Release|x64.Deploy.0 = Release|x64
		{1E240D14-499B-4671-BE39-CB5E85147C1B}.Release|x86.ActiveCfg = Release|x86
		{1E240D14-499B-4671-BE39-CB5E85147C1B}.Release|x86.Build.0 = Release|x86
		{1E240D14-499B-4671-BE39-CB5E85147C1B}.Release|x86.Deploy.0 = Release|x86
		{3559A0A2-4704-467A-9C12-905A1564A6BE}.Ad-Hoc|Any CPU.ActiveCfg = Release|Any CPU
		{3559A0A2-4704-467A-9C12-905A1564A6BE}.Ad-Hoc|Any CPU.Build.0 = Release|Any CPU
		{3559A0A2-4704-467A-9C12-905A1564A6BE}.Ad-Hoc|ARM.ActiveCfg = Release|Any CPU
		{3559A0A2-4704-467A-9C12-905A1564A6BE}.Ad-Hoc|ARM.Build.0 = Release|Any CPU
		{3559A0A2-4704-467A-9C12-905A1564A6BE}.Ad-Hoc|iPhone.ActiveCfg = Release|Any CPU
		{3559A0A2-4704-467A-9C12-905A1564A6BE}.Ad-Hoc|iPhone.Build.0 = Release|Any CPU
		{3559A0A2-4704-467A-9C12-905A1564A6BE}.Ad-Hoc|iPhoneSimulator.ActiveCfg = Release|Any CPU
		{3559A0A2-4704-467A-9C12-905A1564A6BE}.Ad-Hoc|iPhoneSimulator.Build.0 = Release|Any CPU
		{3559A0A2-4704-467A-9C12-905A1564A6BE}.Ad-Hoc|x64.ActiveCfg = Release|Any CPU
		{3559A0A2-4704-467A-9C12-905A1564A6BE}.Ad-Hoc|x64.Build.0 = Release|Any CPU
		{3559A0A2-4704-467A-9C12-905A1564A6BE}.Ad-Hoc|x86.ActiveCfg = Release|Any CPU
		{3559A0A2-4704-467A-9C12-905A1564A6BE}.Ad-Hoc|x86.Build.0 = Release|Any CPU
		{3559A0A2-4704-467A-9C12-905A1564A6BE}.AppStore|Any CPU.ActiveCfg = Release|Any CPU
		{3559A0A2-4704-467A-9C12-905A1564A6BE}.AppStore|Any CPU.Build.0 = Release|Any CPU
		{3559A0A2-4704-467A-9C12-905A1564A6BE}.AppStore|ARM.ActiveCfg = Release|Any CPU
		{3559A0A2-4704-467A-9C12-905A1564A6BE}.AppStore|ARM.Build.0 = Release|Any CPU
		{3559A0A2-4704-467A-9C12-905A1564A6BE}.AppStore|iPhone.ActiveCfg = Release|Any CPU
		{3559A0A2-4704-467A-9C12-905A1564A6BE}.AppStore|iPhone.Build.0 = Release|Any CPU
		{3559A0A2-4704-467A-9C12-905A1564A6BE}.AppStore|iPhoneSimulator.ActiveCfg = Release|Any CPU
		{3559A0A2-4704-467A-9C12-905A1564A6BE}.AppStore|iPhoneSimulator.Build.0 = Release|Any CPU
		{3559A0A2-4704-467A-9C12-905A1564A6BE}.AppStore|x64.ActiveCfg = Release|Any CPU
		{3559A0A2-4704-467A-9C12-905A1564A6BE}.AppStore|x64.Build.0 = Release|Any CPU
		{3559A0A2-4704-467A-9C12-905A1564A6BE}.AppStore|x86.ActiveCfg = Release|Any CPU
		{3559A0A2-4704-467A-9C12-905A1564A6BE}.AppStore|x86.Build.0 = Release|Any CPU
		{3559A0A2-4704-467A-9C12-905A1564A6BE}.Debug|Any CPU.ActiveCfg = Debug|Any CPU
		{3559A0A2-4704-467A-9C12-905A1564A6BE}.Debug|Any CPU.Build.0 = Debug|Any CPU
		{3559A0A2-4704-467A-9C12-905A1564A6BE}.Debug|ARM.ActiveCfg = Debug|Any CPU
		{3559A0A2-4704-467A-9C12-905A1564A6BE}.Debug|ARM.Build.0 = Debug|Any CPU
		{3559A0A2-4704-467A-9C12-905A1564A6BE}.Debug|iPhone.ActiveCfg = Debug|Any CPU
		{3559A0A2-4704-467A-9C12-905A1564A6BE}.Debug|iPhone.Build.0 = Debug|Any CPU
		{3559A0A2-4704-467A-9C12-905A1564A6BE}.Debug|iPhoneSimulator.ActiveCfg = Debug|Any CPU
		{3559A0A2-4704-467A-9C12-905A1564A6BE}.Debug|iPhoneSimulator.Build.0 = Debug|Any CPU
		{3559A0A2-4704-467A-9C12-905A1564A6BE}.Debug|x64.ActiveCfg = Debug|Any CPU
		{3559A0A2-4704-467A-9C12-905A1564A6BE}.Debug|x64.Build.0 = Debug|Any CPU
		{3559A0A2-4704-467A-9C12-905A1564A6BE}.Debug|x86.ActiveCfg = Debug|Any CPU
		{3559A0A2-4704-467A-9C12-905A1564A6BE}.Debug|x86.Build.0 = Debug|Any CPU
		{3559A0A2-4704-467A-9C12-905A1564A6BE}.Release|Any CPU.ActiveCfg = Release|Any CPU
		{3559A0A2-4704-467A-9C12-905A1564A6BE}.Release|Any CPU.Build.0 = Release|Any CPU
		{3559A0A2-4704-467A-9C12-905A1564A6BE}.Release|ARM.ActiveCfg = Release|Any CPU
		{3559A0A2-4704-467A-9C12-905A1564A6BE}.Release|ARM.Build.0 = Release|Any CPU
		{3559A0A2-4704-467A-9C12-905A1564A6BE}.Release|iPhone.ActiveCfg = Release|Any CPU
		{3559A0A2-4704-467A-9C12-905A1564A6BE}.Release|iPhone.Build.0 = Release|Any CPU
		{3559A0A2-4704-467A-9C12-905A1564A6BE}.Release|iPhoneSimulator.ActiveCfg = Release|Any CPU
		{3559A0A2-4704-467A-9C12-905A1564A6BE}.Release|iPhoneSimulator.Build.0 = Release|Any CPU
		{3559A0A2-4704-467A-9C12-905A1564A6BE}.Release|x64.ActiveCfg = Release|Any CPU
		{3559A0A2-4704-467A-9C12-905A1564A6BE}.Release|x64.Build.0 = Release|Any CPU
		{3559A0A2-4704-467A-9C12-905A1564A6BE}.Release|x86.ActiveCfg = Release|Any CPU
		{3559A0A2-4704-467A-9C12-905A1564A6BE}.Release|x86.Build.0 = Release|Any CPU
	EndGlobalSection
	GlobalSection(SolutionProperties) = preSolution
		HideSolutionNode = FALSE
	EndGlobalSection
	GlobalSection(NestedProjects) = preSolution
		{B567F0FF-7DEC-4808-B0EF-D9F437B74485} = {35EFE4D7-8A31-4F47-82B9-0B7AFC315C80}
	EndGlobalSection
EndGlobal
